
Microsoft Visual Studio Solution File, Format Version 12.00
# Visual Studio Version 16
VisualStudioVersion = 16.0.31129.286
MinimumVisualStudioVersion = 10.0.40219.1
Project("{FAE04EC0-301F-11D3-BF4B-00C04F79EFBC}") = "gokart-vanal", "gokart-vanal.csproj", "{E4EC67C3-5FFF-428D-947F-D88040F2A9D5}"
EndProject
Project("{54435603-DBB4-11D2-8724-00A0C9A8B90C}") = "Installer", "Installer\Installer.vdproj", "{DB588A21-09CD-4B75-8D77-CA06ACDECF97}"
EndProject
Global
	GlobalSection(SolutionConfigurationPlatforms) = preSolution
		Debug|Any CPU = Debug|Any CPU
		Release|Any CPU = Release|Any CPU
	EndGlobalSection
	GlobalSection(ProjectConfigurationPlatforms) = postSolution
		{E4EC67C3-5FFF-428D-947F-D88040F2A9D5}.Debug|Any CPU.ActiveCfg = Debug|Any CPU
		{E4EC67C3-5FFF-428D-947F-D88040F2A9D5}.Debug|Any CPU.Build.0 = Debug|Any CPU
		{E4EC67C3-5FFF-428D-947F-D88040F2A9D5}.Release|Any CPU.ActiveCfg = Release|Any CPU
		{E4EC67C3-5FFF-428D-947F-D88040F2A9D5}.Release|Any CPU.Build.0 = Release|Any CPU
		{DB588A21-09CD-4B75-8D77-CA06ACDECF97}.Debug|Any CPU.ActiveCfg = Debug
		{DB588A21-09CD-4B75-8D77-CA06ACDECF97}.Release|Any CPU.ActiveCfg = Release
	EndGlobalSection
	GlobalSection(SolutionProperties) = preSolution
		HideSolutionNode = FALSE
	EndGlobalSection
	GlobalSection(ExtensibilityGlobals) = postSolution
		SolutionGuid = {E0DF7545-C3F7-4802-9809-B33D43257C1C}
	EndGlobalSection
EndGlobal
